
Microsoft Visual Studio Solution File, Format Version 12.00
# Visual Studio 2012
Project("{FAE04EC0-301F-11D3-BF4B-00C04F79EFBC}") = "MateriaStand.cs", "MateriaStand.cs\MateriaStand.cs.csproj", "{A20A9B3E-DCE1-4CB5-8D45-0899373D9FB7}"
EndProject
Global
	GlobalSection(SolutionConfigurationPlatforms) = preSolution
		Debug|Any CPU = Debug|Any CPU
		Release|Any CPU = Release|Any CPU
	EndGlobalSection
	GlobalSection(ProjectConfigurationPlatforms) = postSolution
		{A20A9B3E-DCE1-4CB5-8D45-0899373D9FB7}.Debug|Any CPU.ActiveCfg = Debug|Any CPU
		{A20A9B3E-DCE1-4CB5-8D45-0899373D9FB7}.Debug|Any CPU.Build.0 = Debug|Any CPU
		{A20A9B3E-DCE1-4CB5-8D45-0899373D9FB7}.Release|Any CPU.ActiveCfg = Release|Any CPU
		{A20A9B3E-DCE1-4CB5-8D45-0899373D9FB7}.Release|Any CPU.Build.0 = Release|Any CPU
	EndGlobalSection
	GlobalSection(SolutionProperties) = preSolution
		HideSolutionNode = FALSE
	EndGlobalSection
EndGlobal
